
Microsoft Visual Studio Solution File, Format Version 12.00
# Visual Studio Version 17
VisualStudioVersion = 17.13.35931.197
MinimumVisualStudioVersion = 10.0.40219.1
Project("{FAE04EC0-301F-11D3-BF4B-00C04F79EFBC}") = "Leetcode", "Leetcode.Library\Leetcode.csproj", "{3B746A54-228E-463B-ADF0-44B877D6584D}"
EndProject
Project("{FAE04EC0-301F-11D3-BF4B-00C04F79EFBC}") = "LeetcodeTests", "Leetcode.LibraryTests\LeetcodeTests.csproj", "{AA239511-52AB-4296-82F7-27B7B852F1C6}"
EndProject
Global
	GlobalSection(SolutionConfigurationPlatforms) = preSolution
		Debug|Any CPU = Debug|Any CPU
		Release|Any CPU = Release|Any CPU
	EndGlobalSection
	GlobalSection(ProjectConfigurationPlatforms) = postSolution
		{3B746A54-228E-463B-ADF0-44B877D6584D}.Debug|Any CPU.ActiveCfg = Debug|Any CPU
		{3B746A54-228E-463B-ADF0-44B877D6584D}.Debug|Any CPU.Build.0 = Debug|Any CPU
		{3B746A54-228E-463B-ADF0-44B877D6584D}.Release|Any CPU.ActiveCfg = Release|Any CPU
		{3B746A54-228E-463B-ADF0-44B877D6584D}.Release|Any CPU.Build.0 = Release|Any CPU
		{AA239511-52AB-4296-82F7-27B7B852F1C6}.Debug|Any CPU.ActiveCfg = Debug|Any CPU
		{AA239511-52AB-4296-82F7-27B7B852F1C6}.Debug|Any CPU.Build.0 = Debug|Any CPU
		{AA239511-52AB-4296-82F7-27B7B852F1C6}.Release|Any CPU.ActiveCfg = Release|Any CPU
		{AA239511-52AB-4296-82F7-27B7B852F1C6}.Release|Any CPU.Build.0 = Release|Any CPU
	EndGlobalSection
	GlobalSection(SolutionProperties) = preSolution
		HideSolutionNode = FALSE
	EndGlobalSection
	GlobalSection(ExtensibilityGlobals) = postSolution
		SolutionGuid = {CDC9DD3D-743F-4FEA-9B58-B3415B4B5316}
	EndGlobalSection
EndGlobal
